// !$*UTF8*$!
{
	archiveVersion = 1;
	classes = {
	};
	objectVersion = 56;
	objects = {

/* Begin PBXBuildFile section */
		140E873229C1D88900E359CD /* AppDelegate.swift in Sources */ = {isa = PBXBuildFile; fileRef = 140E873129C1D88900E359CD /* AppDelegate.swift */; };
		140E873629C1D88900E359CD /* HomeViewController.swift in Sources */ = {isa = PBXBuildFile; fileRef = 140E873529C1D88900E359CD /* HomeViewController.swift */; };
		140E873929C1D88900E359CD /* Main.storyboard in Resources */ = {isa = PBXBuildFile; fileRef = 140E873729C1D88900E359CD /* Main.storyboard */; };
		140E873B29C1D88B00E359CD /* Assets.xcassets in Resources */ = {isa = PBXBuildFile; fileRef = 140E873A29C1D88B00E359CD /* Assets.xcassets */; };
		140E873E29C1D88B00E359CD /* LaunchScreen.storyboard in Resources */ = {isa = PBXBuildFile; fileRef = 140E873C29C1D88B00E359CD /* LaunchScreen.storyboard */; };
		140E874929C1D88B00E359CD /* VO2VideoTests.swift in Sources */ = {isa = PBXBuildFile; fileRef = 140E874829C1D88B00E359CD /* VO2VideoTests.swift */; };
		140E875329C1D88B00E359CD /* VO2VideoUITests.swift in Sources */ = {isa = PBXBuildFile; fileRef = 140E875229C1D88B00E359CD /* VO2VideoUITests.swift */; };
		140E875529C1D88B00E359CD /* VO2VideoUITestsLaunchTests.swift in Sources */ = {isa = PBXBuildFile; fileRef = 140E875429C1D88B00E359CD /* VO2VideoUITestsLaunchTests.swift */; };
		140E876329C1E1D000E359CD /* SDWebImage in Frameworks */ = {isa = PBXBuildFile; productRef = 140E876229C1E1D000E359CD /* SDWebImage */; };
		140E876929C1E35400E359CD /* RswiftLibrary in Frameworks */ = {isa = PBXBuildFile; productRef = 140E876829C1E35400E359CD /* RswiftLibrary */; };
		140E876E29C1E3A800E359CD /* Engine.swift in Sources */ = {isa = PBXBuildFile; fileRef = 140E876D29C1E3A800E359CD /* Engine.swift */; };
		140E877529C1E42F00E359CD /* VO2Error.swift in Sources */ = {isa = PBXBuildFile; fileRef = 140E877429C1E42F00E359CD /* VO2Error.swift */; };
		140E877729C1E45C00E359CD /* MoviesService.swift in Sources */ = {isa = PBXBuildFile; fileRef = 140E877629C1E45C00E359CD /* MoviesService.swift */; };
		140E877929C1E47100E359CD /* MoviesNetworkService.swift in Sources */ = {isa = PBXBuildFile; fileRef = 140E877829C1E47100E359CD /* MoviesNetworkService.swift */; };
		140E877B29C1E48F00E359CD /* MoviesMockedService.swift in Sources */ = {isa = PBXBuildFile; fileRef = 140E877A29C1E48F00E359CD /* MoviesMockedService.swift */; };
		140E879429C1E4F800E359CD /* VO2EndPoints.swift in Sources */ = {isa = PBXBuildFile; fileRef = 140E878429C1E4F800E359CD /* VO2EndPoints.swift */; };
		140E879529C1E4F800E359CD /* EndPointType.swift in Sources */ = {isa = PBXBuildFile; fileRef = 140E878529C1E4F800E359CD /* EndPointType.swift */; };
		140E879629C1E4F800E359CD /* NetworkClient.swift in Sources */ = {isa = PBXBuildFile; fileRef = 140E878729C1E4F800E359CD /* NetworkClient.swift */; };
		140E879729C1E4F800E359CD /* VO2NetworkClient.swift in Sources */ = {isa = PBXBuildFile; fileRef = 140E878829C1E4F800E359CD /* VO2NetworkClient.swift */; };
		140E87CE29C1EA2A00E359CD /* UIViewController+Shadows.swift in Sources */ = {isa = PBXBuildFile; fileRef = 140E879F29C1EA2A00E359CD /* UIViewController+Shadows.swift */; };
		140E87CF29C1EA2A00E359CD /* HideBackTitleNavigationController.swift in Sources */ = {isa = PBXBuildFile; fileRef = 140E87A029C1EA2A00E359CD /* HideBackTitleNavigationController.swift */; };
		140E87D029C1EA2A00E359CD /* UIActivityIndicator+Extensions.swift in Sources */ = {isa = PBXBuildFile; fileRef = 140E87A129C1EA2A00E359CD /* UIActivityIndicator+Extensions.swift */; };
		140E87D129C1EA2A00E359CD /* Reusable.swift in Sources */ = {isa = PBXBuildFile; fileRef = 140E87A229C1EA2A00E359CD /* Reusable.swift */; };
		140E87D229C1EA2A00E359CD /* UIViewController+Alerts.swift in Sources */ = {isa = PBXBuildFile; fileRef = 140E87A329C1EA2A00E359CD /* UIViewController+Alerts.swift */; };
		140E87D329C1EA2A00E359CD /* AppCoordinator.swift in Sources */ = {isa = PBXBuildFile; fileRef = 140E87A529C1EA2A00E359CD /* AppCoordinator.swift */; };
		140E87D429C1EA2A00E359CD /* HomeCoordinator.swift in Sources */ = {isa = PBXBuildFile; fileRef = 140E87A629C1EA2A00E359CD /* HomeCoordinator.swift */; };
		140E87D729C1EA2A00E359CD /* Representables.swift in Sources */ = {isa = PBXBuildFile; fileRef = 140E87AA29C1EA2A00E359CD /* Representables.swift */; };
		140E87D829C1EA2A00E359CD /* ShadowWrapped.swift in Sources */ = {isa = PBXBuildFile; fileRef = 140E87AB29C1EA2A00E359CD /* ShadowWrapped.swift */; };
		140E87D929C1EA2A00E359CD /* Spawnable.swift in Sources */ = {isa = PBXBuildFile; fileRef = 140E87AC29C1EA2A00E359CD /* Spawnable.swift */; };
		140E87EC29C1ECF700E359CD /* VO2TabController.swift in Sources */ = {isa = PBXBuildFile; fileRef = 140E87EB29C1ECF700E359CD /* VO2TabController.swift */; };
		140E87F329C1EF6B00E359CD /* Localizable.strings in Resources */ = {isa = PBXBuildFile; fileRef = 140E87F129C1EF6B00E359CD /* Localizable.strings */; };
		140E87FD29C1F78B00E359CD /* MoviesModel.swift in Sources */ = {isa = PBXBuildFile; fileRef = 140E87FC29C1F78B00E359CD /* MoviesModel.swift */; };
		140E880129C1F87B00E359CD /* VO2Data.swift in Sources */ = {isa = PBXBuildFile; fileRef = 140E880029C1F87B00E359CD /* VO2Data.swift */; };
		140E880329C201FE00E359CD /* Results.swift in Sources */ = {isa = PBXBuildFile; fileRef = 140E880229C201FE00E359CD /* Results.swift */; };
/* End PBXBuildFile section */

/* Begin PBXContainerItemProxy section */
		140E874529C1D88B00E359CD /* PBXContainerItemProxy */ = {
			isa = PBXContainerItemProxy;
			containerPortal = 140E872629C1D88900E359CD /* Project object */;
			proxyType = 1;
			remoteGlobalIDString = 140E872D29C1D88900E359CD;
			remoteInfo = VO2Video;
		};
		140E874F29C1D88B00E359CD /* PBXContainerItemProxy */ = {
			isa = PBXContainerItemProxy;
			containerPortal = 140E872629C1D88900E359CD /* Project object */;
			proxyType = 1;
			remoteGlobalIDString = 140E872D29C1D88900E359CD;
			remoteInfo = VO2Video;
		};
/* End PBXContainerItemProxy section */

/* Begin PBXFileReference section */
		140E872E29C1D88900E359CD /* VO2Video.app */ = {isa = PBXFileReference; explicitFileType = wrapper.application; includeInIndex = 0; path = VO2Video.app; sourceTree = BUILT_PRODUCTS_DIR; };
		140E873129C1D88900E359CD /* AppDelegate.swift */ = {isa = PBXFileReference; lastKnownFileType = sourcecode.swift; path = AppDelegate.swift; sourceTree = "<group>"; };
		140E873529C1D88900E359CD /* HomeViewController.swift */ = {isa = PBXFileReference; lastKnownFileType = sourcecode.swift; path = HomeViewController.swift; sourceTree = "<group>"; };
		140E873829C1D88900E359CD /* Base */ = {isa = PBXFileReference; lastKnownFileType = file.storyboard; name = Base; path = Base.lproj/Main.storyboard; sourceTree = "<group>"; };
		140E873A29C1D88B00E359CD /* Assets.xcassets */ = {isa = PBXFileReference; lastKnownFileType = folder.assetcatalog; path = Assets.xcassets; sourceTree = "<group>"; };
		140E873D29C1D88B00E359CD /* Base */ = {isa = PBXFileReference; lastKnownFileType = file.storyboard; name = Base; path = Base.lproj/LaunchScreen.storyboard; sourceTree = "<group>"; };
		140E873F29C1D88B00E359CD /* Info.plist */ = {isa = PBXFileReference; lastKnownFileType = text.plist.xml; path = Info.plist; sourceTree = "<group>"; };
		140E874429C1D88B00E359CD /* VO2VideoTests.xctest */ = {isa = PBXFileReference; explicitFileType = wrapper.cfbundle; includeInIndex = 0; path = VO2VideoTests.xctest; sourceTree = BUILT_PRODUCTS_DIR; };
		140E874829C1D88B00E359CD /* VO2VideoTests.swift */ = {isa = PBXFileReference; lastKnownFileType = sourcecode.swift; path = VO2VideoTests.swift; sourceTree = "<group>"; };
		140E874E29C1D88B00E359CD /* VO2VideoUITests.xctest */ = {isa = PBXFileReference; explicitFileType = wrapper.cfbundle; includeInIndex = 0; path = VO2VideoUITests.xctest; sourceTree = BUILT_PRODUCTS_DIR; };
		140E875229C1D88B00E359CD /* VO2VideoUITests.swift */ = {isa = PBXFileReference; lastKnownFileType = sourcecode.swift; path = VO2VideoUITests.swift; sourceTree = "<group>"; };
		140E875429C1D88B00E359CD /* VO2VideoUITestsLaunchTests.swift */ = {isa = PBXFileReference; lastKnownFileType = sourcecode.swift; path = VO2VideoUITestsLaunchTests.swift; sourceTree = "<group>"; };
		140E876D29C1E3A800E359CD /* Engine.swift */ = {isa = PBXFileReference; lastKnownFileType = sourcecode.swift; path = Engine.swift; sourceTree = "<group>"; };
		140E877429C1E42F00E359CD /* VO2Error.swift */ = {isa = PBXFileReference; lastKnownFileType = sourcecode.swift; path = VO2Error.swift; sourceTree = "<group>"; };
		140E877629C1E45C00E359CD /* MoviesService.swift */ = {isa = PBXFileReference; lastKnownFileType = sourcecode.swift; path = MoviesService.swift; sourceTree = "<group>"; };
		140E877829C1E47100E359CD /* MoviesNetworkService.swift */ = {isa = PBXFileReference; lastKnownFileType = sourcecode.swift; path = MoviesNetworkService.swift; sourceTree = "<group>"; };
		140E877A29C1E48F00E359CD /* MoviesMockedService.swift */ = {isa = PBXFileReference; lastKnownFileType = sourcecode.swift; path = MoviesMockedService.swift; sourceTree = "<group>"; };
		140E878429C1E4F800E359CD /* VO2EndPoints.swift */ = {isa = PBXFileReference; fileEncoding = 4; lastKnownFileType = sourcecode.swift; path = VO2EndPoints.swift; sourceTree = "<group>"; };
		140E878529C1E4F800E359CD /* EndPointType.swift */ = {isa = PBXFileReference; fileEncoding = 4; lastKnownFileType = sourcecode.swift; path = EndPointType.swift; sourceTree = "<group>"; };
		140E878729C1E4F800E359CD /* NetworkClient.swift */ = {isa = PBXFileReference; fileEncoding = 4; lastKnownFileType = sourcecode.swift; path = NetworkClient.swift; sourceTree = "<group>"; };
		140E878829C1E4F800E359CD /* VO2NetworkClient.swift */ = {isa = PBXFileReference; fileEncoding = 4; lastKnownFileType = sourcecode.swift; path = VO2NetworkClient.swift; sourceTree = "<group>"; };
		140E879F29C1EA2A00E359CD /* UIViewController+Shadows.swift */ = {isa = PBXFileReference; fileEncoding = 4; lastKnownFileType = sourcecode.swift; path = "UIViewController+Shadows.swift"; sourceTree = "<group>"; };
		140E87A029C1EA2A00E359CD /* HideBackTitleNavigationController.swift */ = {isa = PBXFileReference; fileEncoding = 4; lastKnownFileType = sourcecode.swift; path = HideBackTitleNavigationController.swift; sourceTree = "<group>"; };
		140E87A129C1EA2A00E359CD /* UIActivityIndicator+Extensions.swift */ = {isa = PBXFileReference; fileEncoding = 4; lastKnownFileType = sourcecode.swift; path = "UIActivityIndicator+Extensions.swift"; sourceTree = "<group>"; };
		140E87A229C1EA2A00E359CD /* Reusable.swift */ = {isa = PBXFileReference; fileEncoding = 4; lastKnownFileType = sourcecode.swift; path = Reusable.swift; sourceTree = "<group>"; };
		140E87A329C1EA2A00E359CD /* UIViewController+Alerts.swift */ = {isa = PBXFileReference; fileEncoding = 4; lastKnownFileType = sourcecode.swift; path = "UIViewController+Alerts.swift"; sourceTree = "<group>"; };
		140E87A529C1EA2A00E359CD /* AppCoordinator.swift */ = {isa = PBXFileReference; fileEncoding = 4; lastKnownFileType = sourcecode.swift; path = AppCoordinator.swift; sourceTree = "<group>"; };
		140E87A629C1EA2A00E359CD /* HomeCoordinator.swift */ = {isa = PBXFileReference; fileEncoding = 4; lastKnownFileType = sourcecode.swift; path = HomeCoordinator.swift; sourceTree = "<group>"; };
		140E87AA29C1EA2A00E359CD /* Representables.swift */ = {isa = PBXFileReference; fileEncoding = 4; lastKnownFileType = sourcecode.swift; path = Representables.swift; sourceTree = "<group>"; };
		140E87AB29C1EA2A00E359CD /* ShadowWrapped.swift */ = {isa = PBXFileReference; fileEncoding = 4; lastKnownFileType = sourcecode.swift; path = ShadowWrapped.swift; sourceTree = "<group>"; };
		140E87AC29C1EA2A00E359CD /* Spawnable.swift */ = {isa = PBXFileReference; fileEncoding = 4; lastKnownFileType = sourcecode.swift; path = Spawnable.swift; sourceTree = "<group>"; };
		140E87EB29C1ECF700E359CD /* VO2TabController.swift */ = {isa = PBXFileReference; lastKnownFileType = sourcecode.swift; path = VO2TabController.swift; sourceTree = "<group>"; };
		140E87F229C1EF6B00E359CD /* Base */ = {isa = PBXFileReference; lastKnownFileType = text.plist.strings; name = Base; path = Localizable.strings; sourceTree = "<group>"; };
		140E87FC29C1F78B00E359CD /* MoviesModel.swift */ = {isa = PBXFileReference; lastKnownFileType = sourcecode.swift; path = MoviesModel.swift; sourceTree = "<group>"; };
		140E880029C1F87B00E359CD /* VO2Data.swift */ = {isa = PBXFileReference; lastKnownFileType = sourcecode.swift; path = VO2Data.swift; sourceTree = "<group>"; };
		140E880229C201FE00E359CD /* Results.swift */ = {isa = PBXFileReference; lastKnownFileType = sourcecode.swift; path = Results.swift; sourceTree = "<group>"; };
/* End PBXFileReference section */

/* Begin PBXFrameworksBuildPhase section */
		140E872B29C1D88900E359CD /* Frameworks */ = {
			isa = PBXFrameworksBuildPhase;
			buildActionMask = 2147483647;
			files = (
				140E876329C1E1D000E359CD /* SDWebImage in Frameworks */,
				140E876929C1E35400E359CD /* RswiftLibrary in Frameworks */,
			);
			runOnlyForDeploymentPostprocessing = 0;
		};
		140E874129C1D88B00E359CD /* Frameworks */ = {
			isa = PBXFrameworksBuildPhase;
			buildActionMask = 2147483647;
			files = (
			);
			runOnlyForDeploymentPostprocessing = 0;
		};
		140E874B29C1D88B00E359CD /* Frameworks */ = {
			isa = PBXFrameworksBuildPhase;
			buildActionMask = 2147483647;
			files = (
			);
			runOnlyForDeploymentPostprocessing = 0;
		};
/* End PBXFrameworksBuildPhase section */

/* Begin PBXGroup section */
		140E872529C1D88900E359CD = {
			isa = PBXGroup;
			children = (
				140E873029C1D88900E359CD /* VO2Video */,
				140E874729C1D88B00E359CD /* VO2VideoTests */,
				140E875129C1D88B00E359CD /* VO2VideoUITests */,
				140E872F29C1D88900E359CD /* Products */,
			);
			sourceTree = "<group>";
		};
		140E872F29C1D88900E359CD /* Products */ = {
			isa = PBXGroup;
			children = (
				140E872E29C1D88900E359CD /* VO2Video.app */,
				140E874429C1D88B00E359CD /* VO2VideoTests.xctest */,
				140E874E29C1D88B00E359CD /* VO2VideoUITests.xctest */,
			);
			name = Products;
			sourceTree = "<group>";
		};
		140E873029C1D88900E359CD /* VO2Video */ = {
			isa = PBXGroup;
			children = (
				140E87EF29C1EF2D00E359CD /* Resources */,
				140E879D29C1E92A00E359CD /* Class */,
				140E876B29C1E39200E359CD /* EngineModule */,
				140E873A29C1D88B00E359CD /* Assets.xcassets */,
				140E873F29C1D88B00E359CD /* Info.plist */,
			);
			path = VO2Video;
			sourceTree = "<group>";
		};
		140E874729C1D88B00E359CD /* VO2VideoTests */ = {
			isa = PBXGroup;
			children = (
				140E874829C1D88B00E359CD /* VO2VideoTests.swift */,
			);
			path = VO2VideoTests;
			sourceTree = "<group>";
		};
		140E875129C1D88B00E359CD /* VO2VideoUITests */ = {
			isa = PBXGroup;
			children = (
				140E875229C1D88B00E359CD /* VO2VideoUITests.swift */,
				140E875429C1D88B00E359CD /* VO2VideoUITestsLaunchTests.swift */,
			);
			path = VO2VideoUITests;
			sourceTree = "<group>";
		};
		140E876A29C1E37100E359CD /* Application */ = {
			isa = PBXGroup;
			children = (
				140E873129C1D88900E359CD /* AppDelegate.swift */,
			);
			path = Application;
			sourceTree = "<group>";
		};
		140E876B29C1E39200E359CD /* EngineModule */ = {
			isa = PBXGroup;
			children = (
				140E87FA29C1F6C500E359CD /* Models */,
				140E878129C1E4F800E359CD /* Network Capabilities */,
				140E877329C1E42400E359CD /* Utils */,
				140E876F29C1E3BB00E359CD /* Service */,
				140E876C29C1E39B00E359CD /* Engine */,
			);
			path = EngineModule;
			sourceTree = "<group>";
		};
		140E876C29C1E39B00E359CD /* Engine */ = {
			isa = PBXGroup;
			children = (
				140E876D29C1E3A800E359CD /* Engine.swift */,
			);
			path = Engine;
			sourceTree = "<group>";
		};
		140E876F29C1E3BB00E359CD /* Service */ = {
			isa = PBXGroup;
			children = (
				140E877029C1E3D100E359CD /* VideoService */,
			);
			path = Service;
			sourceTree = "<group>";
		};
		140E877029C1E3D100E359CD /* VideoService */ = {
			isa = PBXGroup;
			children = (
				140E877229C1E3F900E359CD /* MoviesMockedService */,
				140E877129C1E3ED00E359CD /* MoviesNetworkService */,
				140E877629C1E45C00E359CD /* MoviesService.swift */,
			);
			path = VideoService;
			sourceTree = "<group>";
		};
		140E877129C1E3ED00E359CD /* MoviesNetworkService */ = {
			isa = PBXGroup;
			children = (
				140E877829C1E47100E359CD /* MoviesNetworkService.swift */,
			);
			path = MoviesNetworkService;
			sourceTree = "<group>";
		};
		140E877229C1E3F900E359CD /* MoviesMockedService */ = {
			isa = PBXGroup;
			children = (
				140E877A29C1E48F00E359CD /* MoviesMockedService.swift */,
			);
			path = MoviesMockedService;
			sourceTree = "<group>";
		};
		140E877329C1E42400E359CD /* Utils */ = {
			isa = PBXGroup;
			children = (
				140E877429C1E42F00E359CD /* VO2Error.swift */,
				140E880229C201FE00E359CD /* Results.swift */,
			);
			path = Utils;
			sourceTree = "<group>";
		};
		140E878129C1E4F800E359CD /* Network Capabilities */ = {
			isa = PBXGroup;
			children = (
				140E878229C1E4F800E359CD /* EndPoints */,
				140E878629C1E4F800E359CD /* NetworkClient */,
			);
			path = "Network Capabilities";
			sourceTree = "<group>";
		};
		140E878229C1E4F800E359CD /* EndPoints */ = {
			isa = PBXGroup;
			children = (
				140E878329C1E4F800E359CD /* VO2EndPoints */,
				140E878529C1E4F800E359CD /* EndPointType.swift */,
			);
			path = EndPoints;
			sourceTree = "<group>";
		};
		140E878329C1E4F800E359CD /* VO2EndPoints */ = {
			isa = PBXGroup;
			children = (
				140E878429C1E4F800E359CD /* VO2EndPoints.swift */,
			);
			path = VO2EndPoints;
			sourceTree = "<group>";
		};
		140E878629C1E4F800E359CD /* NetworkClient */ = {
			isa = PBXGroup;
			children = (
				140E878729C1E4F800E359CD /* NetworkClient.swift */,
				140E878829C1E4F800E359CD /* VO2NetworkClient.swift */,
			);
			path = NetworkClient;
			sourceTree = "<group>";
		};
		140E879D29C1E92A00E359CD /* Class */ = {
			isa = PBXGroup;
			children = (
				140E876A29C1E37100E359CD /* Application */,
				140E87AD29C1EA2A00E359CD /* Controllers */,
				140E87A429C1EA2A00E359CD /* Coordinators */,
				140E879E29C1EA2A00E359CD /* Extensions */,
				140E87A929C1EA2A00E359CD /* Protocols */,
			);
			path = Class;
			sourceTree = "<group>";
		};
		140E879E29C1EA2A00E359CD /* Extensions */ = {
			isa = PBXGroup;
			children = (
				140E879F29C1EA2A00E359CD /* UIViewController+Shadows.swift */,
				140E87A029C1EA2A00E359CD /* HideBackTitleNavigationController.swift */,
				140E87A129C1EA2A00E359CD /* UIActivityIndicator+Extensions.swift */,
				140E87A229C1EA2A00E359CD /* Reusable.swift */,
				140E87A329C1EA2A00E359CD /* UIViewController+Alerts.swift */,
			);
			path = Extensions;
			sourceTree = "<group>";
		};
		140E87A429C1EA2A00E359CD /* Coordinators */ = {
			isa = PBXGroup;
			children = (
				140E87A529C1EA2A00E359CD /* AppCoordinator.swift */,
				140E87A629C1EA2A00E359CD /* HomeCoordinator.swift */,
			);
			path = Coordinators;
			sourceTree = "<group>";
		};
		140E87A929C1EA2A00E359CD /* Protocols */ = {
			isa = PBXGroup;
			children = (
				140E87AA29C1EA2A00E359CD /* Representables.swift */,
				140E87AB29C1EA2A00E359CD /* ShadowWrapped.swift */,
				140E87AC29C1EA2A00E359CD /* Spawnable.swift */,
			);
			path = Protocols;
			sourceTree = "<group>";
		};
		140E87AD29C1EA2A00E359CD /* Controllers */ = {
			isa = PBXGroup;
			children = (
				140E87F729C1F22F00E359CD /* HomeViewController */,
				140E87EA29C1ECD700E359CD /* TabController */,
			);
			path = Controllers;
			sourceTree = "<group>";
		};
		140E87EA29C1ECD700E359CD /* TabController */ = {
			isa = PBXGroup;
			children = (
				140E87EB29C1ECF700E359CD /* VO2TabController.swift */,
			);
			path = TabController;
			sourceTree = "<group>";
		};
		140E87EF29C1EF2D00E359CD /* Resources */ = {
			isa = PBXGroup;
			children = (
				140E87F029C1EF4700E359CD /* Base.lproj */,
			);
			path = Resources;
			sourceTree = "<group>";
		};
		140E87F029C1EF4700E359CD /* Base.lproj */ = {
			isa = PBXGroup;
			children = (
				140E873C29C1D88B00E359CD /* LaunchScreen.storyboard */,
				140E87F129C1EF6B00E359CD /* Localizable.strings */,
			);
			path = Base.lproj;
			sourceTree = "<group>";
		};
		140E87F729C1F22F00E359CD /* HomeViewController */ = {
			isa = PBXGroup;
			children = (
				140E873729C1D88900E359CD /* Main.storyboard */,
				140E873529C1D88900E359CD /* HomeViewController.swift */,
			);
			path = HomeViewController;
			sourceTree = "<group>";
		};
		140E87FA29C1F6C500E359CD /* Models */ = {
			isa = PBXGroup;
			children = (
				140E87FF29C1F86E00E359CD /* VO2Data */,
				140E87FB29C1F6CC00E359CD /* Movies */,
			);
			path = Models;
			sourceTree = "<group>";
		};
		140E87FB29C1F6CC00E359CD /* Movies */ = {
			isa = PBXGroup;
			children = (
				140E87FC29C1F78B00E359CD /* MoviesModel.swift */,
			);
			path = Movies;
			sourceTree = "<group>";
		};
		140E87FF29C1F86E00E359CD /* VO2Data */ = {
			isa = PBXGroup;
			children = (
				140E880029C1F87B00E359CD /* VO2Data.swift */,
			);
			path = VO2Data;
			sourceTree = "<group>";
		};
/* End PBXGroup section */

/* Begin PBXNativeTarget section */
		140E872D29C1D88900E359CD /* VO2Video */ = {
			isa = PBXNativeTarget;
			buildConfigurationList = 140E875829C1D88B00E359CD /* Build configuration list for PBXNativeTarget "VO2Video" */;
			buildPhases = (
				140E872A29C1D88900E359CD /* Sources */,
				140E872B29C1D88900E359CD /* Frameworks */,
				140E872C29C1D88900E359CD /* Resources */,
			);
			buildRules = (
			);
			dependencies = (
				140E87EE29C1EEE200E359CD /* PBXTargetDependency */,
			);
			name = VO2Video;
			packageProductDependencies = (
				140E876229C1E1D000E359CD /* SDWebImage */,
				140E876829C1E35400E359CD /* RswiftLibrary */,
			);
			productName = VO2Video;
			productReference = 140E872E29C1D88900E359CD /* VO2Video.app */;
			productType = "com.apple.product-type.application";
		};
		140E874329C1D88B00E359CD /* VO2VideoTests */ = {
			isa = PBXNativeTarget;
			buildConfigurationList = 140E875B29C1D88B00E359CD /* Build configuration list for PBXNativeTarget "VO2VideoTests" */;
			buildPhases = (
				140E874029C1D88B00E359CD /* Sources */,
				140E874129C1D88B00E359CD /* Frameworks */,
				140E874229C1D88B00E359CD /* Resources */,
			);
			buildRules = (
			);
			dependencies = (
				140E874629C1D88B00E359CD /* PBXTargetDependency */,
			);
			name = VO2VideoTests;
			productName = VO2VideoTests;
			productReference = 140E874429C1D88B00E359CD /* VO2VideoTests.xctest */;
			productType = "com.apple.product-type.bundle.unit-test";
		};
		140E874D29C1D88B00E359CD /* VO2VideoUITests */ = {
			isa = PBXNativeTarget;
			buildConfigurationList = 140E875E29C1D88B00E359CD /* Build configuration list for PBXNativeTarget "VO2VideoUITests" */;
			buildPhases = (
				140E874A29C1D88B00E359CD /* Sources */,
				140E874B29C1D88B00E359CD /* Frameworks */,
				140E874C29C1D88B00E359CD /* Resources */,
			);
			buildRules = (
			);
			dependencies = (
				140E875029C1D88B00E359CD /* PBXTargetDependency */,
			);
			name = VO2VideoUITests;
			productName = VO2VideoUITests;
			productReference = 140E874E29C1D88B00E359CD /* VO2VideoUITests.xctest */;
			productType = "com.apple.product-type.bundle.ui-testing";
		};
/* End PBXNativeTarget section */

/* Begin PBXProject section */
		140E872629C1D88900E359CD /* Project object */ = {
			isa = PBXProject;
			attributes = {
				BuildIndependentTargetsInParallel = 1;
				LastSwiftUpdateCheck = 1420;
				LastUpgradeCheck = 1420;
				TargetAttributes = {
					140E872D29C1D88900E359CD = {
						CreatedOnToolsVersion = 14.2;
					};
					140E874329C1D88B00E359CD = {
						CreatedOnToolsVersion = 14.2;
						TestTargetID = 140E872D29C1D88900E359CD;
					};
					140E874D29C1D88B00E359CD = {
						CreatedOnToolsVersion = 14.2;
						TestTargetID = 140E872D29C1D88900E359CD;
					};
				};
			};
			buildConfigurationList = 140E872929C1D88900E359CD /* Build configuration list for PBXProject "VO2Video" */;
			compatibilityVersion = "Xcode 14.0";
			developmentRegion = en;
			hasScannedForEncodings = 0;
			knownRegions = (
				en,
				Base,
			);
			mainGroup = 140E872529C1D88900E359CD;
			packageReferences = (
				140E876129C1E1D000E359CD /* XCRemoteSwiftPackageReference "SDWebImage" */,
				140E876729C1E35400E359CD /* XCRemoteSwiftPackageReference "R" */,
			);
			productRefGroup = 140E872F29C1D88900E359CD /* Products */;
			projectDirPath = "";
			projectRoot = "";
			targets = (
				140E872D29C1D88900E359CD /* VO2Video */,
				140E874329C1D88B00E359CD /* VO2VideoTests */,
				140E874D29C1D88B00E359CD /* VO2VideoUITests */,
			);
		};
/* End PBXProject section */

/* Begin PBXResourcesBuildPhase section */
		140E872C29C1D88900E359CD /* Resources */ = {
			isa = PBXResourcesBuildPhase;
			buildActionMask = 2147483647;
			files = (
				140E873E29C1D88B00E359CD /* LaunchScreen.storyboard in Resources */,
				140E87F329C1EF6B00E359CD /* Localizable.strings in Resources */,
				140E873B29C1D88B00E359CD /* Assets.xcassets in Resources */,
				140E873929C1D88900E359CD /* Main.storyboard in Resources */,
			);
			runOnlyForDeploymentPostprocessing = 0;
		};
		140E874229C1D88B00E359CD /* Resources */ = {
			isa = PBXResourcesBuildPhase;
			buildActionMask = 2147483647;
			files = (
			);
			runOnlyForDeploymentPostprocessing = 0;
		};
		140E874C29C1D88B00E359CD /* Resources */ = {
			isa = PBXResourcesBuildPhase;
			buildActionMask = 2147483647;
			files = (
			);
			runOnlyForDeploymentPostprocessing = 0;
		};
/* End PBXResourcesBuildPhase section */

/* Begin PBXSourcesBuildPhase section */
		140E872A29C1D88900E359CD /* Sources */ = {
			isa = PBXSourcesBuildPhase;
			buildActionMask = 2147483647;
			files = (
				140E877B29C1E48F00E359CD /* MoviesMockedService.swift in Sources */,
				140E879629C1E4F800E359CD /* NetworkClient.swift in Sources */,
				140E87D729C1EA2A00E359CD /* Representables.swift in Sources */,
				140E87D329C1EA2A00E359CD /* AppCoordinator.swift in Sources */,
				140E873629C1D88900E359CD /* HomeViewController.swift in Sources */,
				140E87EC29C1ECF700E359CD /* VO2TabController.swift in Sources */,
				140E879529C1E4F800E359CD /* EndPointType.swift in Sources */,
				140E880129C1F87B00E359CD /* VO2Data.swift in Sources */,
				140E87D029C1EA2A00E359CD /* UIActivityIndicator+Extensions.swift in Sources */,
				140E876E29C1E3A800E359CD /* Engine.swift in Sources */,
				140E87D929C1EA2A00E359CD /* Spawnable.swift in Sources */,
				140E877529C1E42F00E359CD /* VO2Error.swift in Sources */,
				140E87D829C1EA2A00E359CD /* ShadowWrapped.swift in Sources */,
				140E87CE29C1EA2A00E359CD /* UIViewController+Shadows.swift in Sources */,
				140E873229C1D88900E359CD /* AppDelegate.swift in Sources */,
				140E87D129C1EA2A00E359CD /* Reusable.swift in Sources */,
				140E87CF29C1EA2A00E359CD /* HideBackTitleNavigationController.swift in Sources */,
				140E87D229C1EA2A00E359CD /* UIViewController+Alerts.swift in Sources */,
				140E877929C1E47100E359CD /* MoviesNetworkService.swift in Sources */,
				140E877729C1E45C00E359CD /* MoviesService.swift in Sources */,
				140E879429C1E4F800E359CD /* VO2EndPoints.swift in Sources */,
				140E87FD29C1F78B00E359CD /* MoviesModel.swift in Sources */,
				140E879729C1E4F800E359CD /* VO2NetworkClient.swift in Sources */,
				140E87D429C1EA2A00E359CD /* HomeCoordinator.swift in Sources */,
				140E880329C201FE00E359CD /* Results.swift in Sources */,
			);
			runOnlyForDeploymentPostprocessing = 0;
		};
		140E874029C1D88B00E359CD /* Sources */ = {
			isa = PBXSourcesBuildPhase;
			buildActionMask = 2147483647;
			files = (
				140E874929C1D88B00E359CD /* VO2VideoTests.swift in Sources */,
			);
			runOnlyForDeploymentPostprocessing = 0;
		};
		140E874A29C1D88B00E359CD /* Sources */ = {
			isa = PBXSourcesBuildPhase;
			buildActionMask = 2147483647;
			files = (
				140E875529C1D88B00E359CD /* VO2VideoUITestsLaunchTests.swift in Sources */,
				140E875329C1D88B00E359CD /* VO2VideoUITests.swift in Sources */,
			);
			runOnlyForDeploymentPostprocessing = 0;
		};
/* End PBXSourcesBuildPhase section */

/* Begin PBXTargetDependency section */
		140E874629C1D88B00E359CD /* PBXTargetDependency */ = {
			isa = PBXTargetDependency;
			target = 140E872D29C1D88900E359CD /* VO2Video */;
			targetProxy = 140E874529C1D88B00E359CD /* PBXContainerItemProxy */;
		};
		140E875029C1D88B00E359CD /* PBXTargetDependency */ = {
			isa = PBXTargetDependency;
			target = 140E872D29C1D88900E359CD /* VO2Video */;
			targetProxy = 140E874F29C1D88B00E359CD /* PBXContainerItemProxy */;
		};
		140E87EE29C1EEE200E359CD /* PBXTargetDependency */ = {
			isa = PBXTargetDependency;
			productRef = 140E87ED29C1EEE200E359CD /* RswiftGenerateInternalResources */;
		};
/* End PBXTargetDependency section */

/* Begin PBXVariantGroup section */
		140E873729C1D88900E359CD /* Main.storyboard */ = {
			isa = PBXVariantGroup;
			children = (
				140E873829C1D88900E359CD /* Base */,
			);
			name = Main.storyboard;
			sourceTree = "<group>";
		};
		140E873C29C1D88B00E359CD /* LaunchScreen.storyboard */ = {
			isa = PBXVariantGroup;
			children = (
				140E873D29C1D88B00E359CD /* Base */,
			);
			name = LaunchScreen.storyboard;
			sourceTree = "<group>";
		};
		140E87F129C1EF6B00E359CD /* Localizable.strings */ = {
			isa = PBXVariantGroup;
			children = (
				140E87F229C1EF6B00E359CD /* Base */,
			);
			name = Localizable.strings;
			sourceTree = "<group>";
		};
/* End PBXVariantGroup section */

/* Begin XCBuildConfiguration section */
		140E875629C1D88B00E359CD /* Debug */ = {
			isa = XCBuildConfiguration;
			buildSettings = {
				ALWAYS_SEARCH_USER_PATHS = NO;
				CLANG_ANALYZER_NONNULL = YES;
				CLANG_ANALYZER_NUMBER_OBJECT_CONVERSION = YES_AGGRESSIVE;
				CLANG_CXX_LANGUAGE_STANDARD = "gnu++20";
				CLANG_ENABLE_MODULES = YES;
				CLANG_ENABLE_OBJC_ARC = YES;
				CLANG_ENABLE_OBJC_WEAK = YES;
				CLANG_WARN_BLOCK_CAPTURE_AUTORELEASING = YES;
				CLANG_WARN_BOOL_CONVERSION = YES;
				CLANG_WARN_COMMA = YES;
				CLANG_WARN_CONSTANT_CONVERSION = YES;
				CLANG_WARN_DEPRECATED_OBJC_IMPLEMENTATIONS = YES;
				CLANG_WARN_DIRECT_OBJC_ISA_USAGE = YES_ERROR;
				CLANG_WARN_DOCUMENTATION_COMMENTS = YES;
				CLANG_WARN_EMPTY_BODY = YES;
				CLANG_WARN_ENUM_CONVERSION = YES;
				CLANG_WARN_INFINITE_RECURSION = YES;
				CLANG_WARN_INT_CONVERSION = YES;
				CLANG_WARN_NON_LITERAL_NULL_CONVERSION = YES;
				CLANG_WARN_OBJC_IMPLICIT_RETAIN_SELF = YES;
				CLANG_WARN_OBJC_LITERAL_CONVERSION = YES;
				CLANG_WARN_OBJC_ROOT_CLASS = YES_ERROR;
				CLANG_WARN_QUOTED_INCLUDE_IN_FRAMEWORK_HEADER = YES;
				CLANG_WARN_RANGE_LOOP_ANALYSIS = YES;
				CLANG_WARN_STRICT_PROTOTYPES = YES;
				CLANG_WARN_SUSPICIOUS_MOVE = YES;
				CLANG_WARN_UNGUARDED_AVAILABILITY = YES_AGGRESSIVE;
				CLANG_WARN_UNREACHABLE_CODE = YES;
				CLANG_WARN__DUPLICATE_METHOD_MATCH = YES;
				COPY_PHASE_STRIP = NO;
				DEBUG_INFORMATION_FORMAT = dwarf;
				ENABLE_STRICT_OBJC_MSGSEND = YES;
				ENABLE_TESTABILITY = YES;
				GCC_C_LANGUAGE_STANDARD = gnu11;
				GCC_DYNAMIC_NO_PIC = NO;
				GCC_NO_COMMON_BLOCKS = YES;
				GCC_OPTIMIZATION_LEVEL = 0;
				GCC_PREPROCESSOR_DEFINITIONS = (
					"DEBUG=1",
					"$(inherited)",
				);
				GCC_WARN_64_TO_32_BIT_CONVERSION = YES;
				GCC_WARN_ABOUT_RETURN_TYPE = YES_ERROR;
				GCC_WARN_UNDECLARED_SELECTOR = YES;
				GCC_WARN_UNINITIALIZED_AUTOS = YES_AGGRESSIVE;
				GCC_WARN_UNUSED_FUNCTION = YES;
				GCC_WARN_UNUSED_VARIABLE = YES;
				IPHONEOS_DEPLOYMENT_TARGET = 16.2;
				MTL_ENABLE_DEBUG_INFO = INCLUDE_SOURCE;
				MTL_FAST_MATH = YES;
				ONLY_ACTIVE_ARCH = YES;
				SDKROOT = iphoneos;
				SWIFT_ACTIVE_COMPILATION_CONDITIONS = DEBUG;
				SWIFT_OPTIMIZATION_LEVEL = "-Onone";
			};
			name = Debug;
		};
		140E875729C1D88B00E359CD /* Release */ = {
			isa = XCBuildConfiguration;
			buildSettings = {
				ALWAYS_SEARCH_USER_PATHS = NO;
				CLANG_ANALYZER_NONNULL = YES;
				CLANG_ANALYZER_NUMBER_OBJECT_CONVERSION = YES_AGGRESSIVE;
				CLANG_CXX_LANGUAGE_STANDARD = "gnu++20";
				CLANG_ENABLE_MODULES = YES;
				CLANG_ENABLE_OBJC_ARC = YES;
				CLANG_ENABLE_OBJC_WEAK = YES;
				CLANG_WARN_BLOCK_CAPTURE_AUTORELEASING = YES;
				CLANG_WARN_BOOL_CONVERSION = YES;
				CLANG_WARN_COMMA = YES;
				CLANG_WARN_CONSTANT_CONVERSION = YES;
				CLANG_WARN_DEPRECATED_OBJC_IMPLEMENTATIONS = YES;
				CLANG_WARN_DIRECT_OBJC_ISA_USAGE = YES_ERROR;
				CLANG_WARN_DOCUMENTATION_COMMENTS = YES;
				CLANG_WARN_EMPTY_BODY = YES;
				CLANG_WARN_ENUM_CONVERSION = YES;
				CLANG_WARN_INFINITE_RECURSION = YES;
				CLANG_WARN_INT_CONVERSION = YES;
				CLANG_WARN_NON_LITERAL_NULL_CONVERSION = YES;
				CLANG_WARN_OBJC_IMPLICIT_RETAIN_SELF = YES;
				CLANG_WARN_OBJC_LITERAL_CONVERSION = YES;
				CLANG_WARN_OBJC_ROOT_CLASS = YES_ERROR;
				CLANG_WARN_QUOTED_INCLUDE_IN_FRAMEWORK_HEADER = YES;
				CLANG_WARN_RANGE_LOOP_ANALYSIS = YES;
				CLANG_WARN_STRICT_PROTOTYPES = YES;
				CLANG_WARN_SUSPICIOUS_MOVE = YES;
				CLANG_WARN_UNGUARDED_AVAILABILITY = YES_AGGRESSIVE;
				CLANG_WARN_UNREACHABLE_CODE = YES;
				CLANG_WARN__DUPLICATE_METHOD_MATCH = YES;
				COPY_PHASE_STRIP = NO;
				DEBUG_INFORMATION_FORMAT = "dwarf-with-dsym";
				ENABLE_NS_ASSERTIONS = NO;
				ENABLE_STRICT_OBJC_MSGSEND = YES;
				GCC_C_LANGUAGE_STANDARD = gnu11;
				GCC_NO_COMMON_BLOCKS = YES;
				GCC_WARN_64_TO_32_BIT_CONVERSION = YES;
				GCC_WARN_ABOUT_RETURN_TYPE = YES_ERROR;
				GCC_WARN_UNDECLARED_SELECTOR = YES;
				GCC_WARN_UNINITIALIZED_AUTOS = YES_AGGRESSIVE;
				GCC_WARN_UNUSED_FUNCTION = YES;
				GCC_WARN_UNUSED_VARIABLE = YES;
				IPHONEOS_DEPLOYMENT_TARGET = 16.2;
				MTL_ENABLE_DEBUG_INFO = NO;
				MTL_FAST_MATH = YES;
				SDKROOT = iphoneos;
				SWIFT_COMPILATION_MODE = wholemodule;
				SWIFT_OPTIMIZATION_LEVEL = "-O";
				VALIDATE_PRODUCT = YES;
			};
			name = Release;
		};
		140E875929C1D88B00E359CD /* Debug */ = {
			isa = XCBuildConfiguration;
			buildSettings = {
				ASSETCATALOG_COMPILER_APPICON_NAME = AppIcon;
				ASSETCATALOG_COMPILER_GLOBAL_ACCENT_COLOR_NAME = AccentColor;
				CODE_SIGN_STYLE = Automatic;
				CURRENT_PROJECT_VERSION = 1;
				GENERATE_INFOPLIST_FILE = YES;
				INFOPLIST_FILE = VO2Video/Info.plist;
				INFOPLIST_KEY_UIApplicationSupportsIndirectInputEvents = YES;
				INFOPLIST_KEY_UILaunchStoryboardName = LaunchScreen;
				INFOPLIST_KEY_UISupportedInterfaceOrientations_iPad = "UIInterfaceOrientationPortrait UIInterfaceOrientationPortraitUpsideDown UIInterfaceOrientationLandscapeLeft UIInterfaceOrientationLandscapeRight";
				INFOPLIST_KEY_UISupportedInterfaceOrientations_iPhone = "UIInterfaceOrientationPortrait UIInterfaceOrientationLandscapeLeft UIInterfaceOrientationLandscapeRight";
				LD_RUNPATH_SEARCH_PATHS = (
					"$(inherited)",
					"@executable_path/Frameworks",
				);
				MARKETING_VERSION = 1.0;
				PRODUCT_BUNDLE_IDENTIFIER = com.thejus.t.VO2Video;
				PRODUCT_NAME = "$(TARGET_NAME)";
				SWIFT_EMIT_LOC_STRINGS = YES;
				SWIFT_VERSION = 5.0;
				TARGETED_DEVICE_FAMILY = "1,2";
			};
			name = Debug;
		};
		140E875A29C1D88B00E359CD /* Release */ = {
			isa = XCBuildConfiguration;
			buildSettings = {
				ASSETCATALOG_COMPILER_APPICON_NAME = AppIcon;
				ASSETCATALOG_COMPILER_GLOBAL_ACCENT_COLOR_NAME = AccentColor;
				CODE_SIGN_STYLE = Automatic;
				CURRENT_PROJECT_VERSION = 1;
				GENERATE_INFOPLIST_FILE = YES;
				INFOPLIST_FILE = VO2Video/Info.plist;
				INFOPLIST_KEY_UIApplicationSupportsIndirectInputEvents = YES;
				INFOPLIST_KEY_UILaunchStoryboardName = LaunchScreen;
				INFOPLIST_KEY_UISupportedInterfaceOrientations_iPad = "UIInterfaceOrientationPortrait UIInterfaceOrientationPortraitUpsideDown UIInterfaceOrientationLandscapeLeft UIInterfaceOrientationLandscapeRight";
				INFOPLIST_KEY_UISupportedInterfaceOrientations_iPhone = "UIInterfaceOrientationPortrait UIInterfaceOrientationLandscapeLeft UIInterfaceOrientationLandscapeRight";
				LD_RUNPATH_SEARCH_PATHS = (
					"$(inherited)",
					"@executable_path/Frameworks",
				);
				MARKETING_VERSION = 1.0;
				PRODUCT_BUNDLE_IDENTIFIER = com.thejus.t.VO2Video;
				PRODUCT_NAME = "$(TARGET_NAME)";
				SWIFT_EMIT_LOC_STRINGS = YES;
				SWIFT_VERSION = 5.0;
				TARGETED_DEVICE_FAMILY = "1,2";
			};
			name = Release;
		};
		140E875C29C1D88B00E359CD /* Debug */ = {
			isa = XCBuildConfiguration;
			buildSettings = {
				ALWAYS_EMBED_SWIFT_STANDARD_LIBRARIES = YES;
				BUNDLE_LOADER = "$(TEST_HOST)";
				CODE_SIGN_STYLE = Automatic;
				CURRENT_PROJECT_VERSION = 1;
				GENERATE_INFOPLIST_FILE = YES;
				IPHONEOS_DEPLOYMENT_TARGET = 16.2;
				MARKETING_VERSION = 1.0;
				PRODUCT_BUNDLE_IDENTIFIER = com.thejus.t.VO2VideoTests;
				PRODUCT_NAME = "$(TARGET_NAME)";
				SWIFT_EMIT_LOC_STRINGS = NO;
				SWIFT_VERSION = 5.0;
				TARGETED_DEVICE_FAMILY = "1,2";
				TEST_HOST = "$(BUILT_PRODUCTS_DIR)/VO2Video.app/$(BUNDLE_EXECUTABLE_FOLDER_PATH)/VO2Video";
			};
			name = Debug;
		};
		140E875D29C1D88B00E359CD /* Release */ = {
			isa = XCBuildConfiguration;
			buildSettings = {
				ALWAYS_EMBED_SWIFT_STANDARD_LIBRARIES = YES;
				BUNDLE_LOADER = "$(TEST_HOST)";
				CODE_SIGN_STYLE = Automatic;
				CURRENT_PROJECT_VERSION = 1;
				GENERATE_INFOPLIST_FILE = YES;
				IPHONEOS_DEPLOYMENT_TARGET = 16.2;
				MARKETING_VERSION = 1.0;
				PRODUCT_BUNDLE_IDENTIFIER = com.thejus.t.VO2VideoTests;
				PRODUCT_NAME = "$(TARGET_NAME)";
				SWIFT_EMIT_LOC_STRINGS = NO;
				SWIFT_VERSION = 5.0;
				TARGETED_DEVICE_FAMILY = "1,2";
				TEST_HOST = "$(BUILT_PRODUCTS_DIR)/VO2Video.app/$(BUNDLE_EXECUTABLE_FOLDER_PATH)/VO2Video";
			};
			name = Release;
		};
		140E875F29C1D88B00E359CD /* Debug */ = {
			isa = XCBuildConfiguration;
			buildSettings = {
				ALWAYS_EMBED_SWIFT_STANDARD_LIBRARIES = YES;
				CODE_SIGN_STYLE = Automatic;
				CURRENT_PROJECT_VERSION = 1;
				GENERATE_INFOPLIST_FILE = YES;
				MARKETING_VERSION = 1.0;
				PRODUCT_BUNDLE_IDENTIFIER = com.thejus.t.VO2VideoUITests;
				PRODUCT_NAME = "$(TARGET_NAME)";
				SWIFT_EMIT_LOC_STRINGS = NO;
				SWIFT_VERSION = 5.0;
				TARGETED_DEVICE_FAMILY = "1,2";
				TEST_TARGET_NAME = VO2Video;
			};
			name = Debug;
		};
		140E876029C1D88B00E359CD /* Release */ = {
			isa = XCBuildConfiguration;
			buildSettings = {
				ALWAYS_EMBED_SWIFT_STANDARD_LIBRARIES = YES;
				CODE_SIGN_STYLE = Automatic;
				CURRENT_PROJECT_VERSION = 1;
				GENERATE_INFOPLIST_FILE = YES;
				MARKETING_VERSION = 1.0;
				PRODUCT_BUNDLE_IDENTIFIER = com.thejus.t.VO2VideoUITests;
				PRODUCT_NAME = "$(TARGET_NAME)";
				SWIFT_EMIT_LOC_STRINGS = NO;
				SWIFT_VERSION = 5.0;
				TARGETED_DEVICE_FAMILY = "1,2";
				TEST_TARGET_NAME = VO2Video;
			};
			name = Release;
		};
/* End XCBuildConfiguration section */

/* Begin XCConfigurationList section */
		140E872929C1D88900E359CD /* Build configuration list for PBXProject "VO2Video" */ = {
			isa = XCConfigurationList;
			buildConfigurations = (
				140E875629C1D88B00E359CD /* Debug */,
				140E875729C1D88B00E359CD /* Release */,
			);
			defaultConfigurationIsVisible = 0;
			defaultConfigurationName = Release;
		};
		140E875829C1D88B00E359CD /* Build configuration list for PBXNativeTarget "VO2Video" */ = {
			isa = XCConfigurationList;
			buildConfigurations = (
				140E875929C1D88B00E359CD /* Debug */,
				140E875A29C1D88B00E359CD /* Release */,
			);
			defaultConfigurationIsVisible = 0;
			defaultConfigurationName = Release;
		};
		140E875B29C1D88B00E359CD /* Build configuration list for PBXNativeTarget "VO2VideoTests" */ = {
			isa = XCConfigurationList;
			buildConfigurations = (
				140E875C29C1D88B00E359CD /* Debug */,
				140E875D29C1D88B00E359CD /* Release */,
			);
			defaultConfigurationIsVisible = 0;
			defaultConfigurationName = Release;
		};
		140E875E29C1D88B00E359CD /* Build configuration list for PBXNativeTarget "VO2VideoUITests" */ = {
			isa = XCConfigurationList;
			buildConfigurations = (
				140E875F29C1D88B00E359CD /* Debug */,
				140E876029C1D88B00E359CD /* Release */,
			);
			defaultConfigurationIsVisible = 0;
			defaultConfigurationName = Release;
		};
/* End XCConfigurationList section */

/* Begin XCRemoteSwiftPackageReference section */
		140E876129C1E1D000E359CD /* XCRemoteSwiftPackageReference "SDWebImage" */ = {
			isa = XCRemoteSwiftPackageReference;
			repositoryURL = "https://github.com/SDWebImage/SDWebImage.git";
			requirement = {
				kind = upToNextMajorVersion;
				minimumVersion = 5.0.0;
			};
		};
		140E876729C1E35400E359CD /* XCRemoteSwiftPackageReference "R" */ = {
			isa = XCRemoteSwiftPackageReference;
			repositoryURL = "https://github.com/mac-cain13/R.swift";
			requirement = {
				kind = upToNextMajorVersion;
				minimumVersion = 7.0.0;
			};
		};
/* End XCRemoteSwiftPackageReference section */

/* Begin XCSwiftPackageProductDependency section */
		140E876229C1E1D000E359CD /* SDWebImage */ = {
			isa = XCSwiftPackageProductDependency;
			package = 140E876129C1E1D000E359CD /* XCRemoteSwiftPackageReference "SDWebImage" */;
			productName = SDWebImage;
		};
		140E876829C1E35400E359CD /* RswiftLibrary */ = {
			isa = XCSwiftPackageProductDependency;
			package = 140E876729C1E35400E359CD /* XCRemoteSwiftPackageReference "R" */;
			productName = RswiftLibrary;
		};
		140E87ED29C1EEE200E359CD /* RswiftGenerateInternalResources */ = {
			isa = XCSwiftPackageProductDependency;
			productName = "plugin:RswiftGenerateInternalResources";
		};
/* End XCSwiftPackageProductDependency section */
	};
	rootObject = 140E872629C1D88900E359CD /* Project object */;
}
